// !$*UTF8*$!
{
	archiveVersion = 1;
	classes = {
	};
	objectVersion = 56;
	objects = {

/* Begin PBXBuildFile section */
		0662717A29A51E13002C5686 /* AppDelegate.swift in Sources */ = {isa = PBXBuildFile; fileRef = 0662717929A51E13002C5686 /* AppDelegate.swift */; };
		0662717C29A51E13002C5686 /* SceneDelegate.swift in Sources */ = {isa = PBXBuildFile; fileRef = 0662717B29A51E13002C5686 /* SceneDelegate.swift */; };
		0662717E29A51E13002C5686 /* TableViewController.swift in Sources */ = {isa = PBXBuildFile; fileRef = 0662717D29A51E13002C5686 /* TableViewController.swift */; };
		0662718129A51E13002C5686 /* Main.storyboard in Resources */ = {isa = PBXBuildFile; fileRef = 0662717F29A51E13002C5686 /* Main.storyboard */; };
		0662718329A51E14002C5686 /* Assets.xcassets in Resources */ = {isa = PBXBuildFile; fileRef = 0662718229A51E14002C5686 /* Assets.xcassets */; };
		0662718629A51E14002C5686 /* LaunchScreen.storyboard in Resources */ = {isa = PBXBuildFile; fileRef = 0662718429A51E14002C5686 /* LaunchScreen.storyboard */; };
		06F8662829A53DD70044AEBE /* DetailsViewController.swift in Sources */ = {isa = PBXBuildFile; fileRef = 06F8662729A53DD70044AEBE /* DetailsViewController.swift */; };
		06F8662A29A53EA60044AEBE /* Products.swift in Sources */ = {isa = PBXBuildFile; fileRef = 06F8662929A53EA60044AEBE /* Products.swift */; };
		06F8662D29A548770044AEBE /* SDWebImage in Frameworks */ = {isa = PBXBuildFile; productRef = 06F8662C29A548770044AEBE /* SDWebImage */; };
		06FE871329A52CD900B6FA5C /* ProductTableViewCell.swift in Sources */ = {isa = PBXBuildFile; fileRef = 06FE871129A52CD900B6FA5C /* ProductTableViewCell.swift */; };
		06FE871429A52CD900B6FA5C /* ProductTableViewCell.xib in Resources */ = {isa = PBXBuildFile; fileRef = 06FE871229A52CD900B6FA5C /* ProductTableViewCell.xib */; };
/* End PBXBuildFile section */

/* Begin PBXFileReference section */
		0662717629A51E13002C5686 /* Task-21-2-23.app */ = {isa = PBXFileReference; explicitFileType = wrapper.application; includeInIndex = 0; path = "Task-21-2-23.app"; sourceTree = BUILT_PRODUCTS_DIR; };
		0662717929A51E13002C5686 /* AppDelegate.swift */ = {isa = PBXFileReference; lastKnownFileType = sourcecode.swift; path = AppDelegate.swift; sourceTree = "<group>"; };
		0662717B29A51E13002C5686 /* SceneDelegate.swift */ = {isa = PBXFileReference; lastKnownFileType = sourcecode.swift; path = SceneDelegate.swift; sourceTree = "<group>"; };
		0662717D29A51E13002C5686 /* TableViewController.swift */ = {isa = PBXFileReference; lastKnownFileType = sourcecode.swift; path = TableViewController.swift; sourceTree = "<group>"; };
		0662718029A51E13002C5686 /* Base */ = {isa = PBXFileReference; lastKnownFileType = file.storyboard; name = Base; path = Base.lproj/Main.storyboard; sourceTree = "<group>"; };
		0662718229A51E14002C5686 /* Assets.xcassets */ = {isa = PBXFileReference; lastKnownFileType = folder.assetcatalog; path = Assets.xcassets; sourceTree = "<group>"; };
		0662718529A51E14002C5686 /* Base */ = {isa = PBXFileReference; lastKnownFileType = file.storyboard; name = Base; path = Base.lproj/LaunchScreen.storyboard; sourceTree = "<group>"; };
		0662718729A51E14002C5686 /* Info.plist */ = {isa = PBXFileReference; lastKnownFileType = text.plist.xml; path = Info.plist; sourceTree = "<group>"; };
		06F8662729A53DD70044AEBE /* DetailsViewController.swift */ = {isa = PBXFileReference; lastKnownFileType = sourcecode.swift; path = DetailsViewController.swift; sourceTree = "<group>"; };
		06F8662929A53EA60044AEBE /* Products.swift */ = {isa = PBXFileReference; lastKnownFileType = sourcecode.swift; path = Products.swift; sourceTree = "<group>"; };
		06FE871129A52CD900B6FA5C /* ProductTableViewCell.swift */ = {isa = PBXFileReference; lastKnownFileType = sourcecode.swift; path = ProductTableViewCell.swift; sourceTree = "<group>"; };
		06FE871229A52CD900B6FA5C /* ProductTableViewCell.xib */ = {isa = PBXFileReference; lastKnownFileType = file.xib; path = ProductTableViewCell.xib; sourceTree = "<group>"; };
/* End PBXFileReference section */

/* Begin PBXFrameworksBuildPhase section */
		0662717329A51E13002C5686 /* Frameworks */ = {
			isa = PBXFrameworksBuildPhase;
			buildActionMask = 2147483647;
			files = (
				06F8662D29A548770044AEBE /* SDWebImage in Frameworks */,
			);
			runOnlyForDeploymentPostprocessing = 0;
		};
/* End PBXFrameworksBuildPhase section */

/* Begin PBXGroup section */
		0662716D29A51E13002C5686 = {
			isa = PBXGroup;
			children = (
				0662717829A51E13002C5686 /* Task-21-2-23 */,
				0662717729A51E13002C5686 /* Products */,
			);
			sourceTree = "<group>";
		};
		0662717729A51E13002C5686 /* Products */ = {
			isa = PBXGroup;
			children = (
				0662717629A51E13002C5686 /* Task-21-2-23.app */,
			);
			name = Products;
			sourceTree = "<group>";
		};
		0662717829A51E13002C5686 /* Task-21-2-23 */ = {
			isa = PBXGroup;
			children = (
				0662717929A51E13002C5686 /* AppDelegate.swift */,
				0662717B29A51E13002C5686 /* SceneDelegate.swift */,
				0662717D29A51E13002C5686 /* TableViewController.swift */,
				06F8662729A53DD70044AEBE /* DetailsViewController.swift */,
				0662717F29A51E13002C5686 /* Main.storyboard */,
				0662718229A51E14002C5686 /* Assets.xcassets */,
				0662718429A51E14002C5686 /* LaunchScreen.storyboard */,
				0662718729A51E14002C5686 /* Info.plist */,
				06FE871129A52CD900B6FA5C /* ProductTableViewCell.swift */,
				06FE871229A52CD900B6FA5C /* ProductTableViewCell.xib */,
				06F8662929A53EA60044AEBE /* Products.swift */,
			);
			path = "Task-21-2-23";
			sourceTree = "<group>";
		};
/* End PBXGroup section */

/* Begin PBXNativeTarget section */
		0662717529A51E13002C5686 /* Task-21-2-23 */ = {
			isa = PBXNativeTarget;
			buildConfigurationList = 0662718A29A51E14002C5686 /* Build configuration list for PBXNativeTarget "Task-21-2-23" */;
			buildPhases = (
				0662717229A51E13002C5686 /* Sources */,
				0662717329A51E13002C5686 /* Frameworks */,
				0662717429A51E13002C5686 /* Resources */,
			);
			buildRules = (
			);
			dependencies = (
			);
			name = "Task-21-2-23";
			packageProductDependencies = (
				06F8662C29A548770044AEBE /* SDWebImage */,
			);
			productName = "Task-21-2-23";
			productReference = 0662717629A51E13002C5686 /* Task-21-2-23.app */;
			productType = "com.apple.product-type.application";
		};
/* End PBXNativeTarget section */

/* Begin PBXProject section */
		0662716E29A51E13002C5686 /* Project object */ = {
			isa = PBXProject;
			attributes = {
				BuildIndependentTargetsInParallel = 1;
				LastSwiftUpdateCheck = 1420;
				LastUpgradeCheck = 1420;
				TargetAttributes = {
					0662717529A51E13002C5686 = {
						CreatedOnToolsVersion = 14.2;
					};
				};
			};
			buildConfigurationList = 0662717129A51E13002C5686 /* Build configuration list for PBXProject "Task-21-2-23" */;
			compatibilityVersion = "Xcode 14.0";
			developmentRegion = en;
			hasScannedForEncodings = 0;
			knownRegions = (
				en,
				Base,
			);
			mainGroup = 0662716D29A51E13002C5686;
			packageReferences = (
				06F8662B29A548770044AEBE /* XCRemoteSwiftPackageReference "SDWebImage" */,
			);
			productRefGroup = 0662717729A51E13002C5686 /* Products */;
			projectDirPath = "";
			projectRoot = "";
			targets = (
				0662717529A51E13002C5686 /* Task-21-2-23 */,
			);
		};
/* End PBXProject section */

/* Begin PBXResourcesBuildPhase section */
		0662717429A51E13002C5686 /* Resources */ = {
			isa = PBXResourcesBuildPhase;
			buildActionMask = 2147483647;
			files = (
				0662718629A51E14002C5686 /* LaunchScreen.storyboard in Resources */,
				06FE871429A52CD900B6FA5C /* ProductTableViewCell.xib in Resources */,
				0662718329A51E14002C5686 /* Assets.xcassets in Resources */,
				0662718129A51E13002C5686 /* Main.storyboard in Resources */,
			);
			runOnlyForDeploymentPostprocessing = 0;
		};
/* End PBXResourcesBuildPhase section */

/* Begin PBXSourcesBuildPhase section */
		0662717229A51E13002C5686 /* Sources */ = {
			isa = PBXSourcesBuildPhase;
			buildActionMask = 2147483647;
			files = (
				0662717E29A51E13002C5686 /* TableViewController.swift in Sources */,
				06FE871329A52CD900B6FA5C /* ProductTableViewCell.swift in Sources */,
				0662717A29A51E13002C5686 /* AppDelegate.swift in Sources */,
				06F8662A29A53EA60044AEBE /* Products.swift in Sources */,
				0662717C29A51E13002C5686 /* SceneDelegate.swift in Sources */,
				06F8662829A53DD70044AEBE /* DetailsViewController.swift in Sources */,
			);
			runOnlyForDeploymentPostprocessing = 0;
		};
/* End PBXSourcesBuildPhase section */

/* Begin PBXVariantGroup section */
		0662717F29A51E13002C5686 /* Main.storyboard */ = {
			isa = PBXVariantGroup;
			children = (
				0662718029A51E13002C5686 /* Base */,
			);
			name = Main.storyboard;
			sourceTree = "<group>";
		};
		0662718429A51E14002C5686 /* LaunchScreen.storyboard */ = {
			isa = PBXVariantGroup;
			children = (
				0662718529A51E14002C5686 /* Base */,
			);
			name = LaunchScreen.storyboard;
			sourceTree = "<group>";
		};
/* End PBXVariantGroup section */

/* Begin XCBuildConfiguration section */
		0662718829A51E14002C5686 /* Debug */ = {
			isa = XCBuildConfiguration;
			buildSettings = {
				ALWAYS_SEARCH_USER_PATHS = NO;
				CLANG_ANALYZER_NONNULL = YES;
				CLANG_ANALYZER_NUMBER_OBJECT_CONVERSION = YES_AGGRESSIVE;
				CLANG_CXX_LANGUAGE_STANDARD = "gnu++20";
				CLANG_ENABLE_MODULES = YES;
				CLANG_ENABLE_OBJC_ARC = YES;
				CLANG_ENABLE_OBJC_WEAK = YES;
				CLANG_WARN_BLOCK_CAPTURE_AUTORELEASING = YES;
				CLANG_WARN_BOOL_CONVERSION = YES;
				CLANG_WARN_COMMA = YES;
				CLANG_WARN_CONSTANT_CONVERSION = YES;
				CLANG_WARN_DEPRECATED_OBJC_IMPLEMENTATIONS = YES;
				CLANG_WARN_DIRECT_OBJC_ISA_USAGE = YES_ERROR;
				CLANG_WARN_DOCUMENTATION_COMMENTS = YES;
				CLANG_WARN_EMPTY_BODY = YES;
				CLANG_WARN_ENUM_CONVERSION = YES;
				CLANG_WARN_INFINITE_RECURSION = YES;
				CLANG_WARN_INT_CONVERSION = YES;
				CLANG_WARN_NON_LITERAL_NULL_CONVERSION = YES;
				CLANG_WARN_OBJC_IMPLICIT_RETAIN_SELF = YES;
				CLANG_WARN_OBJC_LITERAL_CONVERSION = YES;
				CLANG_WARN_OBJC_ROOT_CLASS = YES_ERROR;
				CLANG_WARN_QUOTED_INCLUDE_IN_FRAMEWORK_HEADER = YES;
				CLANG_WARN_RANGE_LOOP_ANALYSIS = YES;
				CLANG_WARN_STRICT_PROTOTYPES = YES;
				CLANG_WARN_SUSPICIOUS_MOVE = YES;
				CLANG_WARN_UNGUARDED_AVAILABILITY = YES_AGGRESSIVE;
				CLANG_WARN_UNREACHABLE_CODE = YES;
				CLANG_WARN__DUPLICATE_METHOD_MATCH = YES;
				COPY_PHASE_STRIP = NO;
				DEBUG_INFORMATION_FORMAT = dwarf;
				ENABLE_STRICT_OBJC_MSGSEND = YES;
				ENABLE_TESTABILITY = YES;
				GCC_C_LANGUAGE_STANDARD = gnu11;
				GCC_DYNAMIC_NO_PIC = NO;
				GCC_NO_COMMON_BLOCKS = YES;
				GCC_OPTIMIZATION_LEVEL = 0;
				GCC_PREPROCESSOR_DEFINITIONS = (
					"DEBUG=1",
					"$(inherited)",
				);
				GCC_WARN_64_TO_32_BIT_CONVERSION = YES;
				GCC_WARN_ABOUT_RETURN_TYPE = YES_ERROR;
				GCC_WARN_UNDECLARED_SELECTOR = YES;
				GCC_WARN_UNINITIALIZED_AUTOS = YES_AGGRESSIVE;
				GCC_WARN_UNUSED_FUNCTION = YES;
				GCC_WARN_UNUSED_VARIABLE = YES;
				IPHONEOS_DEPLOYMENT_TARGET = 16.2;
				MTL_ENABLE_DEBUG_INFO = INCLUDE_SOURCE;
				MTL_FAST_MATH = YES;
				ONLY_ACTIVE_ARCH = YES;
				SDKROOT = iphoneos;
				SWIFT_ACTIVE_COMPILATION_CONDITIONS = DEBUG;
				SWIFT_OPTIMIZATION_LEVEL = "-Onone";
			};
			name = Debug;
		};
		0662718929A51E14002C5686 /* Release */ = {
			isa = XCBuildConfiguration;
			buildSettings = {
				ALWAYS_SEARCH_USER_PATHS = NO;
				CLANG_ANALYZER_NONNULL = YES;
				CLANG_ANALYZER_NUMBER_OBJECT_CONVERSION = YES_AGGRESSIVE;
				CLANG_CXX_LANGUAGE_STANDARD = "gnu++20";
				CLANG_ENABLE_MODULES = YES;
				CLANG_ENABLE_OBJC_ARC = YES;
				CLANG_ENABLE_OBJC_WEAK = YES;
				CLANG_WARN_BLOCK_CAPTURE_AUTORELEASING = YES;
				CLANG_WARN_BOOL_CONVERSION = YES;
				CLANG_WARN_COMMA = YES;
				CLANG_WARN_CONSTANT_CONVERSION = YES;
				CLANG_WARN_DEPRECATED_OBJC_IMPLEMENTATIONS = YES;
				CLANG_WARN_DIRECT_OBJC_ISA_USAGE = YES_ERROR;
				CLANG_WARN_DOCUMENTATION_COMMENTS = YES;
				CLANG_WARN_EMPTY_BODY = YES;
				CLANG_WARN_ENUM_CONVERSION = YES;
				CLANG_WARN_INFINITE_RECURSION = YES;
				CLANG_WARN_INT_CONVERSION = YES;
				CLANG_WARN_NON_LITERAL_NULL_CONVERSION = YES;
				CLANG_WARN_OBJC_IMPLICIT_RETAIN_SELF = YES;
				CLANG_WARN_OBJC_LITERAL_CONVERSION = YES;
				CLANG_WARN_OBJC_ROOT_CLASS = YES_ERROR;
				CLANG_WARN_QUOTED_INCLUDE_IN_FRAMEWORK_HEADER = YES;
				CLANG_WARN_RANGE_LOOP_ANALYSIS = YES;
				CLANG_WARN_STRICT_PROTOTYPES = YES;
				CLANG_WARN_SUSPICIOUS_MOVE = YES;
				CLANG_WARN_UNGUARDED_AVAILABILITY = YES_AGGRESSIVE;
				CLANG_WARN_UNREACHABLE_CODE = YES;
				CLANG_WARN__DUPLICATE_METHOD_MATCH = YES;
				COPY_PHASE_STRIP = NO;
				DEBUG_INFORMATION_FORMAT = "dwarf-with-dsym";
				ENABLE_NS_ASSERTIONS = NO;
				ENABLE_STRICT_OBJC_MSGSEND = YES;
				GCC_C_LANGUAGE_STANDARD = gnu11;
				GCC_NO_COMMON_BLOCKS = YES;
				GCC_WARN_64_TO_32_BIT_CONVERSION = YES;
				GCC_WARN_ABOUT_RETURN_TYPE = YES_ERROR;
				GCC_WARN_UNDECLARED_SELECTOR = YES;
				GCC_WARN_UNINITIALIZED_AUTOS = YES_AGGRESSIVE;
				GCC_WARN_UNUSED_FUNCTION = YES;
				GCC_WARN_UNUSED_VARIABLE = YES;
				IPHONEOS_DEPLOYMENT_TARGET = 16.2;
				MTL_ENABLE_DEBUG_INFO = NO;
				MTL_FAST_MATH = YES;
				SDKROOT = iphoneos;
				SWIFT_COMPILATION_MODE = wholemodule;
				SWIFT_OPTIMIZATION_LEVEL = "-O";
				VALIDATE_PRODUCT = YES;
			};
			name = Release;
		};
		0662718B29A51E14002C5686 /* Debug */ = {
			isa = XCBuildConfiguration;
			buildSettings = {
				ASSETCATALOG_COMPILER_APPICON_NAME = AppIcon;
				ASSETCATALOG_COMPILER_GLOBAL_ACCENT_COLOR_NAME = AccentColor;
				CODE_SIGN_STYLE = Automatic;
				CURRENT_PROJECT_VERSION = 1;
				DEVELOPMENT_TEAM = GUHF2Y86AT;
				GENERATE_INFOPLIST_FILE = YES;
				INFOPLIST_FILE = "Task-21-2-23/Info.plist";
				INFOPLIST_KEY_UIApplicationSupportsIndirectInputEvents = YES;
				INFOPLIST_KEY_UILaunchStoryboardName = LaunchScreen;
				INFOPLIST_KEY_UIMainStoryboardFile = Main;
				INFOPLIST_KEY_UISupportedInterfaceOrientations_iPad = "UIInterfaceOrientationPortrait UIInterfaceOrientationPortraitUpsideDown UIInterfaceOrientationLandscapeLeft UIInterfaceOrientationLandscapeRight";
				INFOPLIST_KEY_UISupportedInterfaceOrientations_iPhone = "UIInterfaceOrientationPortrait UIInterfaceOrientationLandscapeLeft UIInterfaceOrientationLandscapeRight";
				LD_RUNPATH_SEARCH_PATHS = (
					"$(inherited)",
					"@executable_path/Frameworks",
				);
				MARKETING_VERSION = 1.0;
				PRODUCT_BUNDLE_IDENTIFIER = "com.users.Task-21-2-23";
				PRODUCT_NAME = "$(TARGET_NAME)";
				SWIFT_EMIT_LOC_STRINGS = YES;
				SWIFT_VERSION = 5.0;
				TARGETED_DEVICE_FAMILY = "1,2";
			};
			name = Debug;
		};
		0662718C29A51E14002C5686 /* Release */ = {
			isa = XCBuildConfiguration;
			buildSettings = {
				ASSETCATALOG_COMPILER_APPICON_NAME = AppIcon;
				ASSETCATALOG_COMPILER_GLOBAL_ACCENT_COLOR_NAME = AccentColor;
				CODE_SIGN_STYLE = Automatic;
				CURRENT_PROJECT_VERSION = 1;
				DEVELOPMENT_TEAM = GUHF2Y86AT;
				GENERATE_INFOPLIST_FILE = YES;
				INFOPLIST_FILE = "Task-21-2-23/Info.plist";
				INFOPLIST_KEY_UIApplicationSupportsIndirectInputEvents = YES;
				INFOPLIST_KEY_UILaunchStoryboardName = LaunchScreen;
				INFOPLIST_KEY_UIMainStoryboardFile = Main;
				INFOPLIST_KEY_UISupportedInterfaceOrientations_iPad = "UIInterfaceOrientationPortrait UIInterfaceOrientationPortraitUpsideDown UIInterfaceOrientationLandscapeLeft UIInterfaceOrientationLandscapeRight";
				INFOPLIST_KEY_UISupportedInterfaceOrientations_iPhone = "UIInterfaceOrientationPortrait UIInterfaceOrientationLandscapeLeft UIInterfaceOrientationLandscapeRight";
				LD_RUNPATH_SEARCH_PATHS = (
					"$(inherited)",
					"@executable_path/Frameworks",
				);
				MARKETING_VERSION = 1.0;
				PRODUCT_BUNDLE_IDENTIFIER = "com.users.Task-21-2-23";
				PRODUCT_NAME = "$(TARGET_NAME)";
				SWIFT_EMIT_LOC_STRINGS = YES;
				SWIFT_VERSION = 5.0;
				TARGETED_DEVICE_FAMILY = "1,2";
			};
			name = Release;
		};
/* End XCBuildConfiguration section */

/* Begin XCConfigurationList section */
		0662717129A51E13002C5686 /* Build configuration list for PBXProject "Task-21-2-23" */ = {
			isa = XCConfigurationList;
			buildConfigurations = (
				0662718829A51E14002C5686 /* Debug */,
				0662718929A51E14002C5686 /* Release */,
			);
			defaultConfigurationIsVisible = 0;
			defaultConfigurationName = Release;
		};
		0662718A29A51E14002C5686 /* Build configuration list for PBXNativeTarget "Task-21-2-23" */ = {
			isa = XCConfigurationList;
			buildConfigurations = (
				0662718B29A51E14002C5686 /* Debug */,
				0662718C29A51E14002C5686 /* Release */,
			);
			defaultConfigurationIsVisible = 0;
			defaultConfigurationName = Release;
		};
/* End XCConfigurationList section */

/* Begin XCRemoteSwiftPackageReference section */
		06F8662B29A548770044AEBE /* XCRemoteSwiftPackageReference "SDWebImage" */ = {
			isa = XCRemoteSwiftPackageReference;
			repositoryURL = "https://github.com/SDWebImage/SDWebImage";
			requirement = {
				branch = master;
				kind = branch;
			};
		};
/* End XCRemoteSwiftPackageReference section */

/* Begin XCSwiftPackageProductDependency section */
		06F8662C29A548770044AEBE /* SDWebImage */ = {
			isa = XCSwiftPackageProductDependency;
			package = 06F8662B29A548770044AEBE /* XCRemoteSwiftPackageReference "SDWebImage" */;
			productName = SDWebImage;
		};
/* End XCSwiftPackageProductDependency section */
	};
	rootObject = 0662716E29A51E13002C5686 /* Project object */;
}
